
Microsoft Visual Studio Solution File, Format Version 12.00
# Visual Studio Version 17
VisualStudioVersion = 17.6.33815.320
MinimumVisualStudioVersion = 10.0.40219.1
Project("{FAE04EC0-301F-11D3-BF4B-00C04F79EFBC}") = "QLBVMB_v2.0", "QLBVMB_v2.0\QLBVMB_v2.0.csproj", "{B9CBADBC-8940-4193-BC28-CA6439AF753E}"
EndProject
Global
	GlobalSection(SolutionConfigurationPlatforms) = preSolution
		Debug|Any CPU = Debug|Any CPU
		Release|Any CPU = Release|Any CPU
	EndGlobalSection
	GlobalSection(ProjectConfigurationPlatforms) = postSolution
		{B9CBADBC-8940-4193-BC28-CA6439AF753E}.Debug|Any CPU.ActiveCfg = Debug|Any CPU
		{B9CBADBC-8940-4193-BC28-CA6439AF753E}.Debug|Any CPU.Build.0 = Debug|Any CPU
		{B9CBADBC-8940-4193-BC28-CA6439AF753E}.Release|Any CPU.ActiveCfg = Release|Any CPU
		{B9CBADBC-8940-4193-BC28-CA6439AF753E}.Release|Any CPU.Build.0 = Release|Any CPU
	EndGlobalSection
	GlobalSection(SolutionProperties) = preSolution
		HideSolutionNode = FALSE
	EndGlobalSection
	GlobalSection(ExtensibilityGlobals) = postSolution
		SolutionGuid = {9D8A3D7C-29F9-4D5D-AE4C-EA03DD470C86}
	EndGlobalSection
EndGlobal
